
Microsoft Visual Studio Solution File, Format Version 12.00
# Visual Studio 15
VisualStudioVersion = 15.0.27428.2037
MinimumVisualStudioVersion = 10.0.40219.1
Project("{8BC9CEB8-8B4A-11D0-8D11-00A0C91BC942}") = "beginVizName", "beginVizName\beginVizName.vcxproj", "{D6FBF5AD-6D4D-4BF3-B533-1F92245E3A74}"
EndProject
Global
	GlobalSection(SolutionConfigurationPlatforms) = preSolution
		Debug|x64 = Debug|x64
		Debug|x86 = Debug|x86
		Release|x64 = Release|x64
		Release|x86 = Release|x86
	EndGlobalSection
	GlobalSection(ProjectConfigurationPlatforms) = postSolution
		{D6FBF5AD-6D4D-4BF3-B533-1F92245E3A74}.Debug|x64.ActiveCfg = Debug|x64
		{D6FBF5AD-6D4D-4BF3-B533-1F92245E3A74}.Debug|x64.Build.0 = Debug|x64
		{D6FBF5AD-6D4D-4BF3-B533-1F92245E3A74}.Debug|x86.ActiveCfg = Debug|Win32
		{D6FBF5AD-6D4D-4BF3-B533-1F92245E3A74}.Debug|x86.Build.0 = Debug|Win32
		{D6FBF5AD-6D4D-4BF3-B533-1F92245E3A74}.Release|x64.ActiveCfg = Release|x64
		{D6FBF5AD-6D4D-4BF3-B533-1F92245E3A74}.Release|x64.Build.0 = Release|x64
		{D6FBF5AD-6D4D-4BF3-B533-1F92245E3A74}.Release|x86.ActiveCfg = Release|Win32
		{D6FBF5AD-6D4D-4BF3-B533-1F92245E3A74}.Release|x86.Build.0 = Release|Win32
	EndGlobalSection
	GlobalSection(SolutionProperties) = preSolution
		HideSolutionNode = FALSE
	EndGlobalSection
	GlobalSection(ExtensibilityGlobals) = postSolution
		SolutionGuid = {75BF1FE3-D514-4AEF-ADA7-49AF5AD85B74}
	EndGlobalSection
EndGlobal
